
Microsoft Visual Studio Solution File, Format Version 12.00
# Visual Studio 2013
VisualStudioVersion = 12.0.30723.0
MinimumVisualStudioVersion = 10.0.40219.1
Project("{2150E333-8FDC-42A3-9474-1A3956D46DE8}") = "DuzyProjekt", "DuzyProjekt", "{EC5B8BB2-AD44-404D-BE6B-A8C55ED97155}"
EndProject
Project("{D954291E-2A0B-460D-934E-DC6B0785DB48}") = "DuzyProjekt.Shared", "DuzyProjekt\DuzyProjekt.Shared\DuzyProjekt.Shared.shproj", "{CFD37F68-11D9-421F-8EDC-6E8F31F6FEE0}"
EndProject
Project("{FAE04EC0-301F-11D3-BF4B-00C04F79EFBC}") = "DuzyProjekt.Windows", "DuzyProjekt\DuzyProjekt.Windows\DuzyProjekt.Windows.csproj", "{DD520348-A89D-42E0-A680-308208E05127}"
EndProject
Project("{FAE04EC0-301F-11D3-BF4B-00C04F79EFBC}") = "DuzyProjekt.WindowsPhone", "DuzyProjekt\DuzyProjekt.WindowsPhone\DuzyProjekt.WindowsPhone.csproj", "{FE351F29-1890-4B1E-A8FA-94A3A6D71857}"
EndProject
Global
	GlobalSection(SharedMSBuildProjectFiles) = preSolution
		DuzyProjekt\DuzyProjekt.Shared\DuzyProjekt.Shared.projitems*{cfd37f68-11d9-421f-8edc-6e8f31f6fee0}*SharedItemsImports = 13
		DuzyProjekt\DuzyProjekt.Shared\DuzyProjekt.Shared.projitems*{dd520348-a89d-42e0-a680-308208e05127}*SharedItemsImports = 4
		DuzyProjekt\DuzyProjekt.Shared\DuzyProjekt.Shared.projitems*{fe351f29-1890-4b1e-a8fa-94a3a6d71857}*SharedItemsImports = 4
	EndGlobalSection
	GlobalSection(SolutionConfigurationPlatforms) = preSolution
		Debug|Any CPU = Debug|Any CPU
		Debug|ARM = Debug|ARM
		Debug|x64 = Debug|x64
		Debug|x86 = Debug|x86
		Release|Any CPU = Release|Any CPU
		Release|ARM = Release|ARM
		Release|x64 = Release|x64
		Release|x86 = Release|x86
	EndGlobalSection
	GlobalSection(ProjectConfigurationPlatforms) = postSolution
		{DD520348-A89D-42E0-A680-308208E05127}.Debug|Any CPU.ActiveCfg = Debug|Any CPU
		{DD520348-A89D-42E0-A680-308208E05127}.Debug|Any CPU.Build.0 = Debug|Any CPU
		{DD520348-A89D-42E0-A680-308208E05127}.Debug|Any CPU.Deploy.0 = Debug|Any CPU
		{DD520348-A89D-42E0-A680-308208E05127}.Debug|ARM.ActiveCfg = Debug|ARM
		{DD520348-A89D-42E0-A680-308208E05127}.Debug|ARM.Build.0 = Debug|ARM
		{DD520348-A89D-42E0-A680-308208E05127}.Debug|ARM.Deploy.0 = Debug|ARM
		{DD520348-A89D-42E0-A680-308208E05127}.Debug|x64.ActiveCfg = Debug|x64
		{DD520348-A89D-42E0-A680-308208E05127}.Debug|x64.Build.0 = Debug|x64
		{DD520348-A89D-42E0-A680-308208E05127}.Debug|x64.Deploy.0 = Debug|x64
		{DD520348-A89D-42E0-A680-308208E05127}.Debug|x86.ActiveCfg = Debug|x86
		{DD520348-A89D-42E0-A680-308208E05127}.Debug|x86.Build.0 = Debug|x86
		{DD520348-A89D-42E0-A680-308208E05127}.Debug|x86.Deploy.0 = Debug|x86
		{DD520348-A89D-42E0-A680-308208E05127}.Release|Any CPU.ActiveCfg = Release|Any CPU
		{DD520348-A89D-42E0-A680-308208E05127}.Release|Any CPU.Build.0 = Release|Any CPU
		{DD520348-A89D-42E0-A680-308208E05127}.Release|Any CPU.Deploy.0 = Release|Any CPU
		{DD520348-A89D-42E0-A680-308208E05127}.Release|ARM.ActiveCfg = Release|ARM
		{DD520348-A89D-42E0-A680-308208E05127}.Release|ARM.Build.0 = Release|ARM
		{DD520348-A89D-42E0-A680-308208E05127}.Release|ARM.Deploy.0 = Release|ARM
		{DD520348-A89D-42E0-A680-308208E05127}.Release|x64.ActiveCfg = Release|x64
		{DD520348-A89D-42E0-A680-308208E05127}.Release|x64.Build.0 = Release|x64
		{DD520348-A89D-42E0-A680-308208E05127}.Release|x64.Deploy.0 = Release|x64
		{DD520348-A89D-42E0-A680-308208E05127}.Release|x86.ActiveCfg = Release|x86
		{DD520348-A89D-42E0-A680-308208E05127}.Release|x86.Build.0 = Release|x86
		{DD520348-A89D-42E0-A680-308208E05127}.Release|x86.Deploy.0 = Release|x86
		{FE351F29-1890-4B1E-A8FA-94A3A6D71857}.Debug|Any CPU.ActiveCfg = Debug|Any CPU
		{FE351F29-1890-4B1E-A8FA-94A3A6D71857}.Debug|Any CPU.Build.0 = Debug|Any CPU
		{FE351F29-1890-4B1E-A8FA-94A3A6D71857}.Debug|Any CPU.Deploy.0 = Debug|Any CPU
		{FE351F29-1890-4B1E-A8FA-94A3A6D71857}.Debug|ARM.ActiveCfg = Debug|ARM
		{FE351F29-1890-4B1E-A8FA-94A3A6D71857}.Debug|ARM.Build.0 = Debug|ARM
		{FE351F29-1890-4B1E-A8FA-94A3A6D71857}.Debug|ARM.Deploy.0 = Debug|ARM
		{FE351F29-1890-4B1E-A8FA-94A3A6D71857}.Debug|x64.ActiveCfg = Debug|Any CPU
		{FE351F29-1890-4B1E-A8FA-94A3A6D71857}.Debug|x86.ActiveCfg = Debug|x86
		{FE351F29-1890-4B1E-A8FA-94A3A6D71857}.Debug|x86.Build.0 = Debug|x86
		{FE351F29-1890-4B1E-A8FA-94A3A6D71857}.Debug|x86.Deploy.0 = Debug|x86
		{FE351F29-1890-4B1E-A8FA-94A3A6D71857}.Release|Any CPU.ActiveCfg = Release|Any CPU
		{FE351F29-1890-4B1E-A8FA-94A3A6D71857}.Release|Any CPU.Build.0 = Release|Any CPU
		{FE351F29-1890-4B1E-A8FA-94A3A6D71857}.Release|Any CPU.Deploy.0 = Release|Any CPU
		{FE351F29-1890-4B1E-A8FA-94A3A6D71857}.Release|ARM.ActiveCfg = Release|ARM
		{FE351F29-1890-4B1E-A8FA-94A3A6D71857}.Release|ARM.Build.0 = Release|ARM
		{FE351F29-1890-4B1E-A8FA-94A3A6D71857}.Release|ARM.Deploy.0 = Release|ARM
		{FE351F29-1890-4B1E-A8FA-94A3A6D71857}.Release|x64.ActiveCfg = Release|Any CPU
		{FE351F29-1890-4B1E-A8FA-94A3A6D71857}.Release|x86.ActiveCfg = Release|x86
		{FE351F29-1890-4B1E-A8FA-94A3A6D71857}.Release|x86.Build.0 = Release|x86
		{FE351F29-1890-4B1E-A8FA-94A3A6D71857}.Release|x86.Deploy.0 = Release|x86
	EndGlobalSection
	GlobalSection(SolutionProperties) = preSolution
		HideSolutionNode = FALSE
	EndGlobalSection
	GlobalSection(NestedProjects) = preSolution
		{CFD37F68-11D9-421F-8EDC-6E8F31F6FEE0} = {EC5B8BB2-AD44-404D-BE6B-A8C55ED97155}
		{DD520348-A89D-42E0-A680-308208E05127} = {EC5B8BB2-AD44-404D-BE6B-A8C55ED97155}
		{FE351F29-1890-4B1E-A8FA-94A3A6D71857} = {EC5B8BB2-AD44-404D-BE6B-A8C55ED97155}
	EndGlobalSection
EndGlobal
